// !$*UTF8*$!
{
	archiveVersion = 1;
	classes = {
	};
	objectVersion = 51;
	objects = {

/* Begin PBXBuildFile section */
		AFDE1A78242F89E200E7546A /* AppDelegate.swift in Sources */ = {isa = PBXBuildFile; fileRef = AFDE1A77242F89E200E7546A /* AppDelegate.swift */; };
		AFDE1A7A242F89E200E7546A /* SceneDelegate.swift in Sources */ = {isa = PBXBuildFile; fileRef = AFDE1A79242F89E200E7546A /* SceneDelegate.swift */; };
		AFDE1A7C242F89E200E7546A /* ContentView.swift in Sources */ = {isa = PBXBuildFile; fileRef = AFDE1A7B242F89E200E7546A /* ContentView.swift */; };
		AFDE1A7E242F89E500E7546A /* Assets.xcassets in Resources */ = {isa = PBXBuildFile; fileRef = AFDE1A7D242F89E500E7546A /* Assets.xcassets */; };
		AFDE1A81242F89E500E7546A /* Preview Assets.xcassets in Resources */ = {isa = PBXBuildFile; fileRef = AFDE1A80242F89E500E7546A /* Preview Assets.xcassets */; };
		AFDE1A84242F89E500E7546A /* LaunchScreen.storyboard in Resources */ = {isa = PBXBuildFile; fileRef = AFDE1A82242F89E500E7546A /* LaunchScreen.storyboard */; };
		DCB30794E7CF5BA92868E610 /* Pods_SwiftDemo.framework in Frameworks */ = {isa = PBXBuildFile; fileRef = FF7C1CE5874EB1F5F2061037 /* Pods_SwiftDemo.framework */; };
/* End PBXBuildFile section */

/* Begin PBXFileReference section */
		040555962447EF7600DA5815 /* FunctionPlayground.playground */ = {isa = PBXFileReference; lastKnownFileType = file.playground; path = FunctionPlayground.playground; sourceTree = SOURCE_ROOT; xcLanguageSpecificationIdentifier = xcode.lang.swift; };
		0405BEE5246585C100FA44D1 /* EnumeratePlayground.playground */ = {isa = PBXFileReference; lastKnownFileType = file.playground; path = EnumeratePlayground.playground; sourceTree = SOURCE_ROOT; xcLanguageSpecificationIdentifier = xcode.lang.swift; };
		0405D13B2446AB0B00780738 /* ControlFlowPlayground.playground */ = {isa = PBXFileReference; lastKnownFileType = file.playground; path = ControlFlowPlayground.playground; sourceTree = SOURCE_ROOT; xcLanguageSpecificationIdentifier = xcode.lang.swift; };
		042E9FC62434210A00808248 /* BasePlayground.playground */ = {isa = PBXFileReference; lastKnownFileType = file.playground; path = BasePlayground.playground; sourceTree = SOURCE_ROOT; xcLanguageSpecificationIdentifier = xcode.lang.swift; };
		044BB9C0246A8306009B4C72 /* ClassAndStructPlayground.playground */ = {isa = PBXFileReference; lastKnownFileType = file.playground; path = ClassAndStructPlayground.playground; sourceTree = SOURCE_ROOT; xcLanguageSpecificationIdentifier = xcode.lang.swift; };
		044BB9C1246AAF7D009B4C72 /* PropertyPlayground.playground */ = {isa = PBXFileReference; lastKnownFileType = file.playground; path = PropertyPlayground.playground; sourceTree = SOURCE_ROOT; xcLanguageSpecificationIdentifier = xcode.lang.swift; };
		04EBF9A7244DC25E00DCF095 /* ClosurePlayground.playground */ = {isa = PBXFileReference; lastKnownFileType = file.playground; path = ClosurePlayground.playground; sourceTree = SOURCE_ROOT; xcLanguageSpecificationIdentifier = xcode.lang.swift; };
		7519EDFFECC58CC3A4321A10 /* Pods-SwiftDemo.debug.xcconfig */ = {isa = PBXFileReference; includeInIndex = 1; lastKnownFileType = text.xcconfig; name = "Pods-SwiftDemo.debug.xcconfig"; path = "Target Support Files/Pods-SwiftDemo/Pods-SwiftDemo.debug.xcconfig"; sourceTree = "<group>"; };
		A73D86AD42F348AC8B0B8C42 /* Pods-SwiftDemo.release.xcconfig */ = {isa = PBXFileReference; includeInIndex = 1; lastKnownFileType = text.xcconfig; name = "Pods-SwiftDemo.release.xcconfig"; path = "Target Support Files/Pods-SwiftDemo/Pods-SwiftDemo.release.xcconfig"; sourceTree = "<group>"; };
		AFDE1A74242F89E200E7546A /* SwiftDemo.app */ = {isa = PBXFileReference; explicitFileType = wrapper.application; includeInIndex = 0; path = SwiftDemo.app; sourceTree = BUILT_PRODUCTS_DIR; };
		AFDE1A77242F89E200E7546A /* AppDelegate.swift */ = {isa = PBXFileReference; lastKnownFileType = sourcecode.swift; path = AppDelegate.swift; sourceTree = "<group>"; };
		AFDE1A79242F89E200E7546A /* SceneDelegate.swift */ = {isa = PBXFileReference; lastKnownFileType = sourcecode.swift; path = SceneDelegate.swift; sourceTree = "<group>"; };
		AFDE1A7B242F89E200E7546A /* ContentView.swift */ = {isa = PBXFileReference; lastKnownFileType = sourcecode.swift; path = ContentView.swift; sourceTree = "<group>"; };
		AFDE1A7D242F89E500E7546A /* Assets.xcassets */ = {isa = PBXFileReference; lastKnownFileType = folder.assetcatalog; path = Assets.xcassets; sourceTree = "<group>"; };
		AFDE1A80242F89E500E7546A /* Preview Assets.xcassets */ = {isa = PBXFileReference; lastKnownFileType = folder.assetcatalog; path = "Preview Assets.xcassets"; sourceTree = "<group>"; };
		AFDE1A83242F89E500E7546A /* Base */ = {isa = PBXFileReference; lastKnownFileType = file.storyboard; name = Base; path = Base.lproj/LaunchScreen.storyboard; sourceTree = "<group>"; };
		AFDE1A85242F89E500E7546A /* Info.plist */ = {isa = PBXFileReference; lastKnownFileType = text.plist.xml; path = Info.plist; sourceTree = "<group>"; };
		AFDE1A8B242F8AE200E7546A /* MyPlayground.playground */ = {isa = PBXFileReference; lastKnownFileType = file.playground; path = MyPlayground.playground; sourceTree = SOURCE_ROOT; xcLanguageSpecificationIdentifier = xcode.lang.swift; };
		FF7C1CE5874EB1F5F2061037 /* Pods_SwiftDemo.framework */ = {isa = PBXFileReference; explicitFileType = wrapper.framework; includeInIndex = 0; path = Pods_SwiftDemo.framework; sourceTree = BUILT_PRODUCTS_DIR; };
/* End PBXFileReference section */

/* Begin PBXFrameworksBuildPhase section */
		AFDE1A71242F89E200E7546A /* Frameworks */ = {
			isa = PBXFrameworksBuildPhase;
			buildActionMask = 2147483647;
			files = (
				DCB30794E7CF5BA92868E610 /* Pods_SwiftDemo.framework in Frameworks */,
			);
			runOnlyForDeploymentPostprocessing = 0;
		};
/* End PBXFrameworksBuildPhase section */

/* Begin PBXGroup section */
		0405CEED246BCB920089543D /* Supporting Files */ = {
			isa = PBXGroup;
			children = (
				AFDE1A7D242F89E500E7546A /* Assets.xcassets */,
				AFDE1A82242F89E500E7546A /* LaunchScreen.storyboard */,
				AFDE1A85242F89E500E7546A /* Info.plist */,
			);
			path = "Supporting Files";
			sourceTree = "<group>";
		};
		1010C7C4873A49F0A1657FF5 /* Frameworks */ = {
			isa = PBXGroup;
			children = (
				FF7C1CE5874EB1F5F2061037 /* Pods_SwiftDemo.framework */,
			);
			name = Frameworks;
			sourceTree = "<group>";
		};
		AFDE1A6B242F89E100E7546A = {
			isa = PBXGroup;
			children = (
				AFDE1A76242F89E200E7546A /* SwiftDemo */,
				AFDE1A75242F89E200E7546A /* Products */,
				D9D699B0DBEBA53ECECD1FBB /* Pods */,
				1010C7C4873A49F0A1657FF5 /* Frameworks */,
			);
			sourceTree = "<group>";
		};
		AFDE1A75242F89E200E7546A /* Products */ = {
			isa = PBXGroup;
			children = (
				AFDE1A74242F89E200E7546A /* SwiftDemo.app */,
			);
			name = Products;
			sourceTree = "<group>";
		};
		AFDE1A76242F89E200E7546A /* SwiftDemo */ = {
			isa = PBXGroup;
			children = (
				AFDE1A77242F89E200E7546A /* AppDelegate.swift */,
				AFDE1A79242F89E200E7546A /* SceneDelegate.swift */,
				AFDE1A7B242F89E200E7546A /* ContentView.swift */,
				0405CEED246BCB920089543D /* Supporting Files */,
				AFDE1A7F242F89E500E7546A /* Preview Content */,
				AFDE1A8B242F8AE200E7546A /* MyPlayground.playground */,
				042E9FC62434210A00808248 /* BasePlayground.playground */,
				0405D13B2446AB0B00780738 /* ControlFlowPlayground.playground */,
				040555962447EF7600DA5815 /* FunctionPlayground.playground */,
				04EBF9A7244DC25E00DCF095 /* ClosurePlayground.playground */,
				0405BEE5246585C100FA44D1 /* EnumeratePlayground.playground */,
				044BB9C0246A8306009B4C72 /* ClassAndStructPlayground.playground */,
				044BB9C1246AAF7D009B4C72 /* PropertyPlayground.playground */,
			);
			path = SwiftDemo;
			sourceTree = "<group>";
		};
		AFDE1A7F242F89E500E7546A /* Preview Content */ = {
			isa = PBXGroup;
			children = (
				AFDE1A80242F89E500E7546A /* Preview Assets.xcassets */,
			);
			path = "Preview Content";
			sourceTree = "<group>";
		};
		D9D699B0DBEBA53ECECD1FBB /* Pods */ = {
			isa = PBXGroup;
			children = (
				7519EDFFECC58CC3A4321A10 /* Pods-SwiftDemo.debug.xcconfig */,
				A73D86AD42F348AC8B0B8C42 /* Pods-SwiftDemo.release.xcconfig */,
			);
			path = Pods;
			sourceTree = "<group>";
		};
/* End PBXGroup section */

/* Begin PBXNativeTarget section */
		AFDE1A73242F89E200E7546A /* SwiftDemo */ = {
			isa = PBXNativeTarget;
			buildConfigurationList = AFDE1A88242F89E500E7546A /* Build configuration list for PBXNativeTarget "SwiftDemo" */;
			buildPhases = (
				75375E63B7112BC2CE990B36 /* [CP] Check Pods Manifest.lock */,
				AFDE1A70242F89E200E7546A /* Sources */,
				AFDE1A71242F89E200E7546A /* Frameworks */,
				AFDE1A72242F89E200E7546A /* Resources */,
				91A0088B438A9DAE1C8C082F /* [CP] Embed Pods Frameworks */,
			);
			buildRules = (
			);
			dependencies = (
			);
			name = SwiftDemo;
			productName = SwiftDemo;
			productReference = AFDE1A74242F89E200E7546A /* SwiftDemo.app */;
			productType = "com.apple.product-type.application";
		};
/* End PBXNativeTarget section */

/* Begin PBXProject section */
		AFDE1A6C242F89E100E7546A /* Project object */ = {
			isa = PBXProject;
			attributes = {
				LastSwiftUpdateCheck = 1140;
				LastUpgradeCheck = 1140;
				ORGANIZATIONNAME = "孙宝音";
				TargetAttributes = {
					AFDE1A73242F89E200E7546A = {
						CreatedOnToolsVersion = 11.4;
					};
				};
			};
			buildConfigurationList = AFDE1A6F242F89E100E7546A /* Build configuration list for PBXProject "SwiftDemo" */;
			compatibilityVersion = "Xcode 9.3";
			developmentRegion = en;
			hasScannedForEncodings = 0;
			knownRegions = (
				en,
				Base,
			);
			mainGroup = AFDE1A6B242F89E100E7546A;
			productRefGroup = AFDE1A75242F89E200E7546A /* Products */;
			projectDirPath = "";
			projectRoot = "";
			targets = (
				AFDE1A73242F89E200E7546A /* SwiftDemo */,
			);
		};
/* End PBXProject section */

/* Begin PBXResourcesBuildPhase section */
		AFDE1A72242F89E200E7546A /* Resources */ = {
			isa = PBXResourcesBuildPhase;
			buildActionMask = 2147483647;
			files = (
				AFDE1A84242F89E500E7546A /* LaunchScreen.storyboard in Resources */,
				AFDE1A81242F89E500E7546A /* Preview Assets.xcassets in Resources */,
				AFDE1A7E242F89E500E7546A /* Assets.xcassets in Resources */,
			);
			runOnlyForDeploymentPostprocessing = 0;
		};
/* End PBXResourcesBuildPhase section */

/* Begin PBXShellScriptBuildPhase section */
		75375E63B7112BC2CE990B36 /* [CP] Check Pods Manifest.lock */ = {
			isa = PBXShellScriptBuildPhase;
			buildActionMask = 2147483647;
			files = (
			);
			inputFileListPaths = (
			);
			inputPaths = (
				"${PODS_PODFILE_DIR_PATH}/Podfile.lock",
				"${PODS_ROOT}/Manifest.lock",
			);
			name = "[CP] Check Pods Manifest.lock";
			outputFileListPaths = (
			);
			outputPaths = (
				"$(DERIVED_FILE_DIR)/Pods-SwiftDemo-checkManifestLockResult.txt",
			);
			runOnlyForDeploymentPostprocessing = 0;
			shellPath = /bin/sh;
			shellScript = "diff \"${PODS_PODFILE_DIR_PATH}/Podfile.lock\" \"${PODS_ROOT}/Manifest.lock\" > /dev/null\nif [ $? != 0 ] ; then\n    # print error to STDERR\n    echo \"error: The sandbox is not in sync with the Podfile.lock. Run 'pod install' or update your CocoaPods installation.\" >&2\n    exit 1\nfi\n# This output is used by Xcode 'outputs' to avoid re-running this script phase.\necho \"SUCCESS\" > \"${SCRIPT_OUTPUT_FILE_0}\"\n";
			showEnvVarsInLog = 0;
		};
		91A0088B438A9DAE1C8C082F /* [CP] Embed Pods Frameworks */ = {
			isa = PBXShellScriptBuildPhase;
			buildActionMask = 2147483647;
			files = (
			);
			inputFileListPaths = (
				"${PODS_ROOT}/Target Support Files/Pods-SwiftDemo/Pods-SwiftDemo-frameworks-${CONFIGURATION}-input-files.xcfilelist",
			);
			name = "[CP] Embed Pods Frameworks";
			outputFileListPaths = (
				"${PODS_ROOT}/Target Support Files/Pods-SwiftDemo/Pods-SwiftDemo-frameworks-${CONFIGURATION}-output-files.xcfilelist",
			);
			runOnlyForDeploymentPostprocessing = 0;
			shellPath = /bin/sh;
			shellScript = "\"${PODS_ROOT}/Target Support Files/Pods-SwiftDemo/Pods-SwiftDemo-frameworks.sh\"\n";
			showEnvVarsInLog = 0;
		};
/* End PBXShellScriptBuildPhase section */

/* Begin PBXSourcesBuildPhase section */
		AFDE1A70242F89E200E7546A /* Sources */ = {
			isa = PBXSourcesBuildPhase;
			buildActionMask = 2147483647;
			files = (
				AFDE1A78242F89E200E7546A /* AppDelegate.swift in Sources */,
				AFDE1A7A242F89E200E7546A /* SceneDelegate.swift in Sources */,
				AFDE1A7C242F89E200E7546A /* ContentView.swift in Sources */,
			);
			runOnlyForDeploymentPostprocessing = 0;
		};
/* End PBXSourcesBuildPhase section */

/* Begin PBXVariantGroup section */
		AFDE1A82242F89E500E7546A /* LaunchScreen.storyboard */ = {
			isa = PBXVariantGroup;
			children = (
				AFDE1A83242F89E500E7546A /* Base */,
			);
			name = LaunchScreen.storyboard;
			sourceTree = "<group>";
		};
/* End PBXVariantGroup section */

/* Begin XCBuildConfiguration section */
		AFDE1A86242F89E500E7546A /* Debug */ = {
			isa = XCBuildConfiguration;
			buildSettings = {
				ALWAYS_SEARCH_USER_PATHS = NO;
				CLANG_ANALYZER_NONNULL = YES;
				CLANG_ANALYZER_NUMBER_OBJECT_CONVERSION = YES_AGGRESSIVE;
				CLANG_CXX_LANGUAGE_STANDARD = "gnu++14";
				CLANG_CXX_LIBRARY = "libc++";
				CLANG_ENABLE_MODULES = YES;
				CLANG_ENABLE_OBJC_ARC = YES;
				CLANG_ENABLE_OBJC_WEAK = YES;
				CLANG_WARN_BLOCK_CAPTURE_AUTORELEASING = YES;
				CLANG_WARN_BOOL_CONVERSION = YES;
				CLANG_WARN_COMMA = YES;
				CLANG_WARN_CONSTANT_CONVERSION = YES;
				CLANG_WARN_DEPRECATED_OBJC_IMPLEMENTATIONS = YES;
				CLANG_WARN_DIRECT_OBJC_ISA_USAGE = YES_ERROR;
				CLANG_WARN_DOCUMENTATION_COMMENTS = YES;
				CLANG_WARN_EMPTY_BODY = YES;
				CLANG_WARN_ENUM_CONVERSION = YES;
				CLANG_WARN_INFINITE_RECURSION = YES;
				CLANG_WARN_INT_CONVERSION = YES;
				CLANG_WARN_NON_LITERAL_NULL_CONVERSION = YES;
				CLANG_WARN_OBJC_IMPLICIT_RETAIN_SELF = YES;
				CLANG_WARN_OBJC_LITERAL_CONVERSION = YES;
				CLANG_WARN_OBJC_ROOT_CLASS = YES_ERROR;
				CLANG_WARN_RANGE_LOOP_ANALYSIS = YES;
				CLANG_WARN_STRICT_PROTOTYPES = YES;
				CLANG_WARN_SUSPICIOUS_MOVE = YES;
				CLANG_WARN_UNGUARDED_AVAILABILITY = YES_AGGRESSIVE;
				CLANG_WARN_UNREACHABLE_CODE = YES;
				CLANG_WARN__DUPLICATE_METHOD_MATCH = YES;
				COPY_PHASE_STRIP = NO;
				DEBUG_INFORMATION_FORMAT = dwarf;
				ENABLE_STRICT_OBJC_MSGSEND = YES;
				ENABLE_TESTABILITY = YES;
				GCC_C_LANGUAGE_STANDARD = gnu11;
				GCC_DYNAMIC_NO_PIC = NO;
				GCC_NO_COMMON_BLOCKS = YES;
				GCC_OPTIMIZATION_LEVEL = 0;
				GCC_PREPROCESSOR_DEFINITIONS = (
					"DEBUG=1",
					"$(inherited)",
				);
				GCC_WARN_64_TO_32_BIT_CONVERSION = YES;
				GCC_WARN_ABOUT_RETURN_TYPE = YES_ERROR;
				GCC_WARN_UNDECLARED_SELECTOR = YES;
				GCC_WARN_UNINITIALIZED_AUTOS = YES_AGGRESSIVE;
				GCC_WARN_UNUSED_FUNCTION = YES;
				GCC_WARN_UNUSED_VARIABLE = YES;
				IPHONEOS_DEPLOYMENT_TARGET = 13.4;
				MTL_ENABLE_DEBUG_INFO = INCLUDE_SOURCE;
				MTL_FAST_MATH = YES;
				ONLY_ACTIVE_ARCH = YES;
				SDKROOT = iphoneos;
				SWIFT_ACTIVE_COMPILATION_CONDITIONS = DEBUG;
				SWIFT_OPTIMIZATION_LEVEL = "-Onone";
			};
			name = Debug;
		};
		AFDE1A87242F89E500E7546A /* Release */ = {
			isa = XCBuildConfiguration;
			buildSettings = {
				ALWAYS_SEARCH_USER_PATHS = NO;
				CLANG_ANALYZER_NONNULL = YES;
				CLANG_ANALYZER_NUMBER_OBJECT_CONVERSION = YES_AGGRESSIVE;
				CLANG_CXX_LANGUAGE_STANDARD = "gnu++14";
				CLANG_CXX_LIBRARY = "libc++";
				CLANG_ENABLE_MODULES = YES;
				CLANG_ENABLE_OBJC_ARC = YES;
				CLANG_ENABLE_OBJC_WEAK = YES;
				CLANG_WARN_BLOCK_CAPTURE_AUTORELEASING = YES;
				CLANG_WARN_BOOL_CONVERSION = YES;
				CLANG_WARN_COMMA = YES;
				CLANG_WARN_CONSTANT_CONVERSION = YES;
				CLANG_WARN_DEPRECATED_OBJC_IMPLEMENTATIONS = YES;
				CLANG_WARN_DIRECT_OBJC_ISA_USAGE = YES_ERROR;
				CLANG_WARN_DOCUMENTATION_COMMENTS = YES;
				CLANG_WARN_EMPTY_BODY = YES;
				CLANG_WARN_ENUM_CONVERSION = YES;
				CLANG_WARN_INFINITE_RECURSION = YES;
				CLANG_WARN_INT_CONVERSION = YES;
				CLANG_WARN_NON_LITERAL_NULL_CONVERSION = YES;
				CLANG_WARN_OBJC_IMPLICIT_RETAIN_SELF = YES;
				CLANG_WARN_OBJC_LITERAL_CONVERSION = YES;
				CLANG_WARN_OBJC_ROOT_CLASS = YES_ERROR;
				CLANG_WARN_RANGE_LOOP_ANALYSIS = YES;
				CLANG_WARN_STRICT_PROTOTYPES = YES;
				CLANG_WARN_SUSPICIOUS_MOVE = YES;
				CLANG_WARN_UNGUARDED_AVAILABILITY = YES_AGGRESSIVE;
				CLANG_WARN_UNREACHABLE_CODE = YES;
				CLANG_WARN__DUPLICATE_METHOD_MATCH = YES;
				COPY_PHASE_STRIP = NO;
				DEBUG_INFORMATION_FORMAT = "dwarf-with-dsym";
				ENABLE_NS_ASSERTIONS = NO;
				ENABLE_STRICT_OBJC_MSGSEND = YES;
				GCC_C_LANGUAGE_STANDARD = gnu11;
				GCC_NO_COMMON_BLOCKS = YES;
				GCC_WARN_64_TO_32_BIT_CONVERSION = YES;
				GCC_WARN_ABOUT_RETURN_TYPE = YES_ERROR;
				GCC_WARN_UNDECLARED_SELECTOR = YES;
				GCC_WARN_UNINITIALIZED_AUTOS = YES_AGGRESSIVE;
				GCC_WARN_UNUSED_FUNCTION = YES;
				GCC_WARN_UNUSED_VARIABLE = YES;
				IPHONEOS_DEPLOYMENT_TARGET = 13.4;
				MTL_ENABLE_DEBUG_INFO = NO;
				MTL_FAST_MATH = YES;
				SDKROOT = iphoneos;
				SWIFT_COMPILATION_MODE = wholemodule;
				SWIFT_OPTIMIZATION_LEVEL = "-O";
				VALIDATE_PRODUCT = YES;
			};
			name = Release;
		};
		AFDE1A89242F89E500E7546A /* Debug */ = {
			isa = XCBuildConfiguration;
			baseConfigurationReference = 7519EDFFECC58CC3A4321A10 /* Pods-SwiftDemo.debug.xcconfig */;
			buildSettings = {
				ASSETCATALOG_COMPILER_APPICON_NAME = AppIcon;
				CODE_SIGN_STYLE = Automatic;
				DEVELOPMENT_ASSET_PATHS = "\"SwiftDemo/Preview Content\"";
				DEVELOPMENT_TEAM = 9ZG6QEK4L9;
				ENABLE_PREVIEWS = YES;
				INFOPLIST_FILE = "$(SRCROOT)/SwiftDemo/Supporting Files/Info.plist";
				IPHONEOS_DEPLOYMENT_TARGET = 13.2;
				LD_RUNPATH_SEARCH_PATHS = (
					"$(inherited)",
					"@executable_path/Frameworks",
				);
				PRODUCT_BUNDLE_IDENTIFIER = com.Barry.SwiftDemo;
				PRODUCT_NAME = "$(TARGET_NAME)";
				SWIFT_VERSION = 5.0;
				TARGETED_DEVICE_FAMILY = "1,2";
			};
			name = Debug;
		};
		AFDE1A8A242F89E500E7546A /* Release */ = {
			isa = XCBuildConfiguration;
			baseConfigurationReference = A73D86AD42F348AC8B0B8C42 /* Pods-SwiftDemo.release.xcconfig */;
			buildSettings = {
				ASSETCATALOG_COMPILER_APPICON_NAME = AppIcon;
				CODE_SIGN_STYLE = Automatic;
				DEVELOPMENT_ASSET_PATHS = "\"SwiftDemo/Preview Content\"";
				DEVELOPMENT_TEAM = 9ZG6QEK4L9;
				ENABLE_PREVIEWS = YES;
				INFOPLIST_FILE = "$(SRCROOT)/SwiftDemo/Supporting Files/Info.plist";
				IPHONEOS_DEPLOYMENT_TARGET = 13.2;
				LD_RUNPATH_SEARCH_PATHS = (
					"$(inherited)",
					"@executable_path/Frameworks",
				);
				PRODUCT_BUNDLE_IDENTIFIER = com.Barry.SwiftDemo;
				PRODUCT_NAME = "$(TARGET_NAME)";
				SWIFT_VERSION = 5.0;
				TARGETED_DEVICE_FAMILY = "1,2";
			};
			name = Release;
		};
/* End XCBuildConfiguration section */

/* Begin XCConfigurationList section */
		AFDE1A6F242F89E100E7546A /* Build configuration list for PBXProject "SwiftDemo" */ = {
			isa = XCConfigurationList;
			buildConfigurations = (
				AFDE1A86242F89E500E7546A /* Debug */,
				AFDE1A87242F89E500E7546A /* Release */,
			);
			defaultConfigurationIsVisible = 0;
			defaultConfigurationName = Release;
		};
		AFDE1A88242F89E500E7546A /* Build configuration list for PBXNativeTarget "SwiftDemo" */ = {
			isa = XCConfigurationList;
			buildConfigurations = (
				AFDE1A89242F89E500E7546A /* Debug */,
				AFDE1A8A242F89E500E7546A /* Release */,
			);
			defaultConfigurationIsVisible = 0;
			defaultConfigurationName = Release;
		};
/* End XCConfigurationList section */
	};
	rootObject = AFDE1A6C242F89E100E7546A /* Project object */;
}
